
Microsoft Visual Studio Solution File, Format Version 12.00
# Visual Studio Version 16
VisualStudioVersion = 16.0.31605.320
MinimumVisualStudioVersion = 10.0.40219.1
Project("{FAE04EC0-301F-11D3-BF4B-00C04F79EFBC}") = "pro", "pro\pro.csproj", "{FCC602CC-725F-4642-874F-008E91BE8257}"
EndProject
Global
	GlobalSection(SolutionConfigurationPlatforms) = preSolution
		Debug|Any CPU = Debug|Any CPU
		Release|Any CPU = Release|Any CPU
	EndGlobalSection
	GlobalSection(ProjectConfigurationPlatforms) = postSolution
		{FCC602CC-725F-4642-874F-008E91BE8257}.Debug|Any CPU.ActiveCfg = Debug|Any CPU
		{FCC602CC-725F-4642-874F-008E91BE8257}.Debug|Any CPU.Build.0 = Debug|Any CPU
		{FCC602CC-725F-4642-874F-008E91BE8257}.Release|Any CPU.ActiveCfg = Release|Any CPU
		{FCC602CC-725F-4642-874F-008E91BE8257}.Release|Any CPU.Build.0 = Release|Any CPU
	EndGlobalSection
	GlobalSection(SolutionProperties) = preSolution
		HideSolutionNode = FALSE
	EndGlobalSection
	GlobalSection(ExtensibilityGlobals) = postSolution
		SolutionGuid = {1A0704A3-253C-4BE6-87D5-6BACB631743A}
	EndGlobalSection
EndGlobal
